
Microsoft Visual Studio Solution File, Format Version 12.00
# Visual Studio 15
VisualStudioVersion = 15.0.28307.779
MinimumVisualStudioVersion = 10.0.40219.1
Project("{FAE04EC0-301F-11D3-BF4B-00C04F79EFBC}") = "AppTerminal", "AppTerminal\AppTerminal.csproj", "{5496B8E0-236B-42EF-9B02-8CC191F5A5B2}"
EndProject
Global
	GlobalSection(SolutionConfigurationPlatforms) = preSolution
		Debug|Any CPU = Debug|Any CPU
		Release|Any CPU = Release|Any CPU
	EndGlobalSection
	GlobalSection(ProjectConfigurationPlatforms) = postSolution
		{5496B8E0-236B-42EF-9B02-8CC191F5A5B2}.Debug|Any CPU.ActiveCfg = Debug|Any CPU
		{5496B8E0-236B-42EF-9B02-8CC191F5A5B2}.Debug|Any CPU.Build.0 = Debug|Any CPU
		{5496B8E0-236B-42EF-9B02-8CC191F5A5B2}.Release|Any CPU.ActiveCfg = Release|Any CPU
		{5496B8E0-236B-42EF-9B02-8CC191F5A5B2}.Release|Any CPU.Build.0 = Release|Any CPU
	EndGlobalSection
	GlobalSection(SolutionProperties) = preSolution
		HideSolutionNode = FALSE
	EndGlobalSection
	GlobalSection(ExtensibilityGlobals) = postSolution
		SolutionGuid = {616EA3E6-A702-422D-95AB-01C2463617BE}
	EndGlobalSection
EndGlobal
